
Microsoft Visual Studio Solution File, Format Version 12.00
# Visual Studio 2012
Project("{8BC9CEB8-8B4A-11D0-8D11-00A0C91BC942}") = "tesina_SDEM", "tesina_SDEM.vcxproj", "{C91ED675-E8F0-4849-B041-716FA235C64A}"
EndProject
Global
	GlobalSection(SolutionConfigurationPlatforms) = preSolution
		Debug|Win32 = Debug|Win32
		Release|Win32 = Release|Win32
	EndGlobalSection
	GlobalSection(ProjectConfigurationPlatforms) = postSolution
		{C91ED675-E8F0-4849-B041-716FA235C64A}.Debug|Win32.ActiveCfg = Debug|Win32
		{C91ED675-E8F0-4849-B041-716FA235C64A}.Debug|Win32.Build.0 = Debug|Win32
		{C91ED675-E8F0-4849-B041-716FA235C64A}.Release|Win32.ActiveCfg = Release|Win32
		{C91ED675-E8F0-4849-B041-716FA235C64A}.Release|Win32.Build.0 = Release|Win32
	EndGlobalSection
	GlobalSection(SolutionProperties) = preSolution
		HideSolutionNode = FALSE
	EndGlobalSection
EndGlobal
